
Microsoft Visual Studio Solution File, Format Version 12.00
# Visual Studio Version 17
VisualStudioVersion = 17.0.31912.275
MinimumVisualStudioVersion = 10.0.40219.1
Project("{FAE04EC0-301F-11D3-BF4B-00C04F79EFBC}") = "Producer", "Producer\Producer.csproj", "{D17A9C36-B45F-4A0C-9CED-4F848214A15A}"
EndProject
Project("{FAE04EC0-301F-11D3-BF4B-00C04F79EFBC}") = "Consumer.Error", "Consumer.Error\Consumer.Error.csproj", "{071B8AFE-F3A1-421B-BA8A-E1E811B2B84C}"
EndProject
Global
	GlobalSection(SolutionConfigurationPlatforms) = preSolution
		Debug|Any CPU = Debug|Any CPU
		Release|Any CPU = Release|Any CPU
	EndGlobalSection
	GlobalSection(ProjectConfigurationPlatforms) = postSolution
		{D17A9C36-B45F-4A0C-9CED-4F848214A15A}.Debug|Any CPU.ActiveCfg = Debug|Any CPU
		{D17A9C36-B45F-4A0C-9CED-4F848214A15A}.Debug|Any CPU.Build.0 = Debug|Any CPU
		{D17A9C36-B45F-4A0C-9CED-4F848214A15A}.Release|Any CPU.ActiveCfg = Release|Any CPU
		{D17A9C36-B45F-4A0C-9CED-4F848214A15A}.Release|Any CPU.Build.0 = Release|Any CPU
		{071B8AFE-F3A1-421B-BA8A-E1E811B2B84C}.Debug|Any CPU.ActiveCfg = Debug|Any CPU
		{071B8AFE-F3A1-421B-BA8A-E1E811B2B84C}.Debug|Any CPU.Build.0 = Debug|Any CPU
		{071B8AFE-F3A1-421B-BA8A-E1E811B2B84C}.Release|Any CPU.ActiveCfg = Release|Any CPU
		{071B8AFE-F3A1-421B-BA8A-E1E811B2B84C}.Release|Any CPU.Build.0 = Release|Any CPU
	EndGlobalSection
	GlobalSection(SolutionProperties) = preSolution
		HideSolutionNode = FALSE
	EndGlobalSection
	GlobalSection(ExtensibilityGlobals) = postSolution
		SolutionGuid = {0ED3BCA8-2014-4A3A-BD3B-2D89739AF3F9}
	EndGlobalSection
EndGlobal
